
Microsoft Visual Studio Solution File, Format Version 12.00
# Visual Studio Version 17
VisualStudioVersion = 17.6.33723.286
MinimumVisualStudioVersion = 10.0.40219.1
Project("{2150E333-8FDC-42A3-9474-1A3956D46DE8}") = "src", "src", "{7A0536EA-94B9-44F5-8D04-F1001D21ECD1}"
EndProject
Project("{2150E333-8FDC-42A3-9474-1A3956D46DE8}") = "tests", "tests", "{837485CC-8816-442C-828D-CBEA6096F620}"
EndProject
Project("{FAE04EC0-301F-11D3-BF4B-00C04F79EFBC}") = "Api", "src\Api\Api.csproj", "{2B3CF233-1E4B-42C8-9A34-CB4740945594}"
EndProject
Global
	GlobalSection(SolutionConfigurationPlatforms) = preSolution
		Debug|Any CPU = Debug|Any CPU
		Release|Any CPU = Release|Any CPU
	EndGlobalSection
	GlobalSection(ProjectConfigurationPlatforms) = postSolution
		{2B3CF233-1E4B-42C8-9A34-CB4740945594}.Debug|Any CPU.ActiveCfg = Debug|Any CPU
		{2B3CF233-1E4B-42C8-9A34-CB4740945594}.Debug|Any CPU.Build.0 = Debug|Any CPU
		{2B3CF233-1E4B-42C8-9A34-CB4740945594}.Release|Any CPU.ActiveCfg = Release|Any CPU
		{2B3CF233-1E4B-42C8-9A34-CB4740945594}.Release|Any CPU.Build.0 = Release|Any CPU
	EndGlobalSection
	GlobalSection(SolutionProperties) = preSolution
		HideSolutionNode = FALSE
	EndGlobalSection
	GlobalSection(NestedProjects) = preSolution
		{2B3CF233-1E4B-42C8-9A34-CB4740945594} = {7A0536EA-94B9-44F5-8D04-F1001D21ECD1}
	EndGlobalSection
	GlobalSection(ExtensibilityGlobals) = postSolution
		SolutionGuid = {7D34B026-0FD9-4BC2-B11A-F98DD8B80A32}
	EndGlobalSection
EndGlobal
